// !$*UTF8*$!
{
	archiveVersion = 1;
	classes = {
	};
	objectVersion = 51;
	objects = {

/* Begin PBXBuildFile section */
		994EE6382513C9EB00AA456F /* AppDelegate.swift in Sources */ = {isa = PBXBuildFile; fileRef = 994EE6372513C9EB00AA456F /* AppDelegate.swift */; };
		994EE63A2513C9EB00AA456F /* SceneDelegate.swift in Sources */ = {isa = PBXBuildFile; fileRef = 994EE6392513C9EB00AA456F /* SceneDelegate.swift */; };
		994EE6412513C9EC00AA456F /* Assets.xcassets in Resources */ = {isa = PBXBuildFile; fileRef = 994EE6402513C9EC00AA456F /* Assets.xcassets */; };
		994EE6442513C9EC00AA456F /* LaunchScreen.storyboard in Resources */ = {isa = PBXBuildFile; fileRef = 994EE6422513C9EC00AA456F /* LaunchScreen.storyboard */; };
		9954CFCC2515237400AE8DE1 /* MovieDescriptionView+TableView.swift in Sources */ = {isa = PBXBuildFile; fileRef = 9954CFC42515237400AE8DE1 /* MovieDescriptionView+TableView.swift */; };
		9954CFCD2515237400AE8DE1 /* MovieDescCell.swift in Sources */ = {isa = PBXBuildFile; fileRef = 9954CFC52515237400AE8DE1 /* MovieDescCell.swift */; };
		9954CFCE2515237400AE8DE1 /* MovieDescriptionView.swift in Sources */ = {isa = PBXBuildFile; fileRef = 9954CFC62515237400AE8DE1 /* MovieDescriptionView.swift */; };
		9954CFCF2515237400AE8DE1 /* MoviesListCell.swift in Sources */ = {isa = PBXBuildFile; fileRef = 9954CFC82515237400AE8DE1 /* MoviesListCell.swift */; };
		9954CFD02515237400AE8DE1 /* MoviesListNavController.swift in Sources */ = {isa = PBXBuildFile; fileRef = 9954CFC92515237400AE8DE1 /* MoviesListNavController.swift */; };
		9954CFD12515237400AE8DE1 /* MoviesListView.swift in Sources */ = {isa = PBXBuildFile; fileRef = 9954CFCA2515237400AE8DE1 /* MoviesListView.swift */; };
		9954CFD22515237400AE8DE1 /* MoviesListView+CollectionView.swift in Sources */ = {isa = PBXBuildFile; fileRef = 9954CFCB2515237400AE8DE1 /* MoviesListView+CollectionView.swift */; };
		9954CFDE2515255900AE8DE1 /* CustomAlertController.swift in Sources */ = {isa = PBXBuildFile; fileRef = 9954CFDD2515255900AE8DE1 /* CustomAlertController.swift */; };
		9954CFE9251528B600AE8DE1 /* MovieListPresenter.swift in Sources */ = {isa = PBXBuildFile; fileRef = 9954CFE8251528B600AE8DE1 /* MovieListPresenter.swift */; };
		9954CFED251528CB00AE8DE1 /* MovieDescriptionPresenter.swift in Sources */ = {isa = PBXBuildFile; fileRef = 9954CFEC251528CB00AE8DE1 /* MovieDescriptionPresenter.swift */; };
		9954CFF125152DF500AE8DE1 /* MoviesAPI.swift in Sources */ = {isa = PBXBuildFile; fileRef = 9954CFD82515240700AE8DE1 /* MoviesAPI.swift */; };
		F19658964DBACF2229CC28B7 /* Pods_TheMoviesMVP.framework in Frameworks */ = {isa = PBXBuildFile; fileRef = C758EF7A9CD24A870346DE29 /* Pods_TheMoviesMVP.framework */; };
/* End PBXBuildFile section */

/* Begin PBXFileReference section */
		994EE6342513C9EB00AA456F /* TheMoviesMVP.app */ = {isa = PBXFileReference; explicitFileType = wrapper.application; includeInIndex = 0; path = TheMoviesMVP.app; sourceTree = BUILT_PRODUCTS_DIR; };
		994EE6372513C9EB00AA456F /* AppDelegate.swift */ = {isa = PBXFileReference; lastKnownFileType = sourcecode.swift; path = AppDelegate.swift; sourceTree = "<group>"; };
		994EE6392513C9EB00AA456F /* SceneDelegate.swift */ = {isa = PBXFileReference; lastKnownFileType = sourcecode.swift; path = SceneDelegate.swift; sourceTree = "<group>"; };
		994EE6402513C9EC00AA456F /* Assets.xcassets */ = {isa = PBXFileReference; lastKnownFileType = folder.assetcatalog; path = Assets.xcassets; sourceTree = "<group>"; };
		994EE6432513C9EC00AA456F /* Base */ = {isa = PBXFileReference; lastKnownFileType = file.storyboard; name = Base; path = Base.lproj/LaunchScreen.storyboard; sourceTree = "<group>"; };
		994EE6452513C9EC00AA456F /* Info.plist */ = {isa = PBXFileReference; lastKnownFileType = text.plist.xml; path = Info.plist; sourceTree = "<group>"; };
		9954CFC42515237400AE8DE1 /* MovieDescriptionView+TableView.swift */ = {isa = PBXFileReference; fileEncoding = 4; lastKnownFileType = sourcecode.swift; path = "MovieDescriptionView+TableView.swift"; sourceTree = "<group>"; };
		9954CFC52515237400AE8DE1 /* MovieDescCell.swift */ = {isa = PBXFileReference; fileEncoding = 4; lastKnownFileType = sourcecode.swift; path = MovieDescCell.swift; sourceTree = "<group>"; };
		9954CFC62515237400AE8DE1 /* MovieDescriptionView.swift */ = {isa = PBXFileReference; fileEncoding = 4; lastKnownFileType = sourcecode.swift; path = MovieDescriptionView.swift; sourceTree = "<group>"; };
		9954CFC82515237400AE8DE1 /* MoviesListCell.swift */ = {isa = PBXFileReference; fileEncoding = 4; lastKnownFileType = sourcecode.swift; path = MoviesListCell.swift; sourceTree = "<group>"; };
		9954CFC92515237400AE8DE1 /* MoviesListNavController.swift */ = {isa = PBXFileReference; fileEncoding = 4; lastKnownFileType = sourcecode.swift; path = MoviesListNavController.swift; sourceTree = "<group>"; };
		9954CFCA2515237400AE8DE1 /* MoviesListView.swift */ = {isa = PBXFileReference; fileEncoding = 4; lastKnownFileType = sourcecode.swift; path = MoviesListView.swift; sourceTree = "<group>"; };
		9954CFCB2515237400AE8DE1 /* MoviesListView+CollectionView.swift */ = {isa = PBXFileReference; fileEncoding = 4; lastKnownFileType = sourcecode.swift; path = "MoviesListView+CollectionView.swift"; sourceTree = "<group>"; };
		9954CFD82515240700AE8DE1 /* MoviesAPI.swift */ = {isa = PBXFileReference; fileEncoding = 4; lastKnownFileType = sourcecode.swift; path = MoviesAPI.swift; sourceTree = "<group>"; };
		9954CFDD2515255900AE8DE1 /* CustomAlertController.swift */ = {isa = PBXFileReference; fileEncoding = 4; lastKnownFileType = sourcecode.swift; path = CustomAlertController.swift; sourceTree = "<group>"; };
		9954CFE8251528B600AE8DE1 /* MovieListPresenter.swift */ = {isa = PBXFileReference; lastKnownFileType = sourcecode.swift; path = MovieListPresenter.swift; sourceTree = "<group>"; };
		9954CFEC251528CB00AE8DE1 /* MovieDescriptionPresenter.swift */ = {isa = PBXFileReference; lastKnownFileType = sourcecode.swift; path = MovieDescriptionPresenter.swift; sourceTree = "<group>"; };
		9B895DA7CA7789CF2046D50E /* Pods-TheMoviesMVP.release.xcconfig */ = {isa = PBXFileReference; includeInIndex = 1; lastKnownFileType = text.xcconfig; name = "Pods-TheMoviesMVP.release.xcconfig"; path = "Target Support Files/Pods-TheMoviesMVP/Pods-TheMoviesMVP.release.xcconfig"; sourceTree = "<group>"; };
		C758EF7A9CD24A870346DE29 /* Pods_TheMoviesMVP.framework */ = {isa = PBXFileReference; explicitFileType = wrapper.framework; includeInIndex = 0; path = Pods_TheMoviesMVP.framework; sourceTree = BUILT_PRODUCTS_DIR; };
		CE1588477FEA30393E2677FA /* Pods-TheMoviesMVP.debug.xcconfig */ = {isa = PBXFileReference; includeInIndex = 1; lastKnownFileType = text.xcconfig; name = "Pods-TheMoviesMVP.debug.xcconfig"; path = "Target Support Files/Pods-TheMoviesMVP/Pods-TheMoviesMVP.debug.xcconfig"; sourceTree = "<group>"; };
/* End PBXFileReference section */

/* Begin PBXFrameworksBuildPhase section */
		994EE6312513C9EB00AA456F /* Frameworks */ = {
			isa = PBXFrameworksBuildPhase;
			buildActionMask = 2147483647;
			files = (
				F19658964DBACF2229CC28B7 /* Pods_TheMoviesMVP.framework in Frameworks */,
			);
			runOnlyForDeploymentPostprocessing = 0;
		};
/* End PBXFrameworksBuildPhase section */

/* Begin PBXGroup section */
		994EE62B2513C9EB00AA456F = {
			isa = PBXGroup;
			children = (
				994EE6362513C9EB00AA456F /* TheMoviesMVP */,
				994EE6352513C9EB00AA456F /* Products */,
				E7ADC2EAEF834B573CBC9C75 /* Pods */,
				E58CFDAF92AE893522EC1FC1 /* Frameworks */,
			);
			sourceTree = "<group>";
		};
		994EE6352513C9EB00AA456F /* Products */ = {
			isa = PBXGroup;
			children = (
				994EE6342513C9EB00AA456F /* TheMoviesMVP.app */,
			);
			name = Products;
			sourceTree = "<group>";
		};
		994EE6362513C9EB00AA456F /* TheMoviesMVP */ = {
			isa = PBXGroup;
			children = (
				994EE6452513C9EC00AA456F /* Info.plist */,
				9954CFE02515257E00AE8DE1 /* Application */,
				9954CFDC2515253E00AE8DE1 /* Extensions */,
				9954CFD7251523D900AE8DE1 /* Resources */,
				9954CFD5251523CB00AE8DE1 /* Models */,
				9954CFD6251523D000AE8DE1 /* Presenter */,
				9954CFC22515237400AE8DE1 /* Views */,
				994EE6422513C9EC00AA456F /* LaunchScreen.storyboard */,
			);
			path = TheMoviesMVP;
			sourceTree = "<group>";
		};
		9954CFC22515237400AE8DE1 /* Views */ = {
			isa = PBXGroup;
			children = (
				9954CFC72515237400AE8DE1 /* Movies List */,
				9954CFC32515237400AE8DE1 /* Movie Description */,
			);
			path = Views;
			sourceTree = "<group>";
		};
		9954CFC32515237400AE8DE1 /* Movie Description */ = {
			isa = PBXGroup;
			children = (
				9954CFC62515237400AE8DE1 /* MovieDescriptionView.swift */,
				9954CFC42515237400AE8DE1 /* MovieDescriptionView+TableView.swift */,
				9954CFC52515237400AE8DE1 /* MovieDescCell.swift */,
			);
			path = "Movie Description";
			sourceTree = "<group>";
		};
		9954CFC72515237400AE8DE1 /* Movies List */ = {
			isa = PBXGroup;
			children = (
				9954CFCA2515237400AE8DE1 /* MoviesListView.swift */,
				9954CFCB2515237400AE8DE1 /* MoviesListView+CollectionView.swift */,
				9954CFC82515237400AE8DE1 /* MoviesListCell.swift */,
				9954CFC92515237400AE8DE1 /* MoviesListNavController.swift */,
			);
			path = "Movies List";
			sourceTree = "<group>";
		};
		9954CFD5251523CB00AE8DE1 /* Models */ = {
			isa = PBXGroup;
			children = (
				9954CFD82515240700AE8DE1 /* MoviesAPI.swift */,
			);
			path = Models;
			sourceTree = "<group>";
		};
		9954CFD6251523D000AE8DE1 /* Presenter */ = {
			isa = PBXGroup;
			children = (
				9954CFE8251528B600AE8DE1 /* MovieListPresenter.swift */,
				9954CFEC251528CB00AE8DE1 /* MovieDescriptionPresenter.swift */,
			);
			path = Presenter;
			sourceTree = "<group>";
		};
		9954CFD7251523D900AE8DE1 /* Resources */ = {
			isa = PBXGroup;
			children = (
				994EE6402513C9EC00AA456F /* Assets.xcassets */,
			);
			path = Resources;
			sourceTree = "<group>";
		};
		9954CFDC2515253E00AE8DE1 /* Extensions */ = {
			isa = PBXGroup;
			children = (
				9954CFDD2515255900AE8DE1 /* CustomAlertController.swift */,
			);
			path = Extensions;
			sourceTree = "<group>";
		};
		9954CFE02515257E00AE8DE1 /* Application */ = {
			isa = PBXGroup;
			children = (
				994EE6372513C9EB00AA456F /* AppDelegate.swift */,
				994EE6392513C9EB00AA456F /* SceneDelegate.swift */,
			);
			path = Application;
			sourceTree = "<group>";
		};
		E58CFDAF92AE893522EC1FC1 /* Frameworks */ = {
			isa = PBXGroup;
			children = (
				C758EF7A9CD24A870346DE29 /* Pods_TheMoviesMVP.framework */,
			);
			name = Frameworks;
			sourceTree = "<group>";
		};
		E7ADC2EAEF834B573CBC9C75 /* Pods */ = {
			isa = PBXGroup;
			children = (
				CE1588477FEA30393E2677FA /* Pods-TheMoviesMVP.debug.xcconfig */,
				9B895DA7CA7789CF2046D50E /* Pods-TheMoviesMVP.release.xcconfig */,
			);
			path = Pods;
			sourceTree = "<group>";
		};
/* End PBXGroup section */

/* Begin PBXNativeTarget section */
		994EE6332513C9EB00AA456F /* TheMoviesMVP */ = {
			isa = PBXNativeTarget;
			buildConfigurationList = 994EE6482513C9EC00AA456F /* Build configuration list for PBXNativeTarget "TheMoviesMVP" */;
			buildPhases = (
				014AC1381265C2F068836942 /* [CP] Check Pods Manifest.lock */,
				994EE6302513C9EB00AA456F /* Sources */,
				994EE6312513C9EB00AA456F /* Frameworks */,
				994EE6322513C9EB00AA456F /* Resources */,
				4FBDB11202C8EF2D0FED9448 /* [CP] Embed Pods Frameworks */,
			);
			buildRules = (
			);
			dependencies = (
			);
			name = TheMoviesMVP;
			productName = TheMoviesMVP;
			productReference = 994EE6342513C9EB00AA456F /* TheMoviesMVP.app */;
			productType = "com.apple.product-type.application";
		};
/* End PBXNativeTarget section */

/* Begin PBXProject section */
		994EE62C2513C9EB00AA456F /* Project object */ = {
			isa = PBXProject;
			attributes = {
				LastSwiftUpdateCheck = 1170;
				LastUpgradeCheck = 1200;
				ORGANIZATIONNAME = "Manuel Soberanis";
				TargetAttributes = {
					994EE6332513C9EB00AA456F = {
						CreatedOnToolsVersion = 11.7;
					};
				};
			};
			buildConfigurationList = 994EE62F2513C9EB00AA456F /* Build configuration list for PBXProject "TheMoviesMVP" */;
			compatibilityVersion = "Xcode 9.3";
			developmentRegion = en;
			hasScannedForEncodings = 0;
			knownRegions = (
				en,
				Base,
			);
			mainGroup = 994EE62B2513C9EB00AA456F;
			productRefGroup = 994EE6352513C9EB00AA456F /* Products */;
			projectDirPath = "";
			projectRoot = "";
			targets = (
				994EE6332513C9EB00AA456F /* TheMoviesMVP */,
			);
		};
/* End PBXProject section */

/* Begin PBXResourcesBuildPhase section */
		994EE6322513C9EB00AA456F /* Resources */ = {
			isa = PBXResourcesBuildPhase;
			buildActionMask = 2147483647;
			files = (
				994EE6442513C9EC00AA456F /* LaunchScreen.storyboard in Resources */,
				994EE6412513C9EC00AA456F /* Assets.xcassets in Resources */,
			);
			runOnlyForDeploymentPostprocessing = 0;
		};
/* End PBXResourcesBuildPhase section */

/* Begin PBXShellScriptBuildPhase section */
		014AC1381265C2F068836942 /* [CP] Check Pods Manifest.lock */ = {
			isa = PBXShellScriptBuildPhase;
			buildActionMask = 2147483647;
			files = (
			);
			inputFileListPaths = (
			);
			inputPaths = (
				"${PODS_PODFILE_DIR_PATH}/Podfile.lock",
				"${PODS_ROOT}/Manifest.lock",
			);
			name = "[CP] Check Pods Manifest.lock";
			outputFileListPaths = (
			);
			outputPaths = (
				"$(DERIVED_FILE_DIR)/Pods-TheMoviesMVP-checkManifestLockResult.txt",
			);
			runOnlyForDeploymentPostprocessing = 0;
			shellPath = /bin/sh;
			shellScript = "diff \"${PODS_PODFILE_DIR_PATH}/Podfile.lock\" \"${PODS_ROOT}/Manifest.lock\" > /dev/null\nif [ $? != 0 ] ; then\n    # print error to STDERR\n    echo \"error: The sandbox is not in sync with the Podfile.lock. Run 'pod install' or update your CocoaPods installation.\" >&2\n    exit 1\nfi\n# This output is used by Xcode 'outputs' to avoid re-running this script phase.\necho \"SUCCESS\" > \"${SCRIPT_OUTPUT_FILE_0}\"\n";
			showEnvVarsInLog = 0;
		};
		4FBDB11202C8EF2D0FED9448 /* [CP] Embed Pods Frameworks */ = {
			isa = PBXShellScriptBuildPhase;
			buildActionMask = 2147483647;
			files = (
			);
			inputFileListPaths = (
				"${PODS_ROOT}/Target Support Files/Pods-TheMoviesMVP/Pods-TheMoviesMVP-frameworks-${CONFIGURATION}-input-files.xcfilelist",
			);
			name = "[CP] Embed Pods Frameworks";
			outputFileListPaths = (
				"${PODS_ROOT}/Target Support Files/Pods-TheMoviesMVP/Pods-TheMoviesMVP-frameworks-${CONFIGURATION}-output-files.xcfilelist",
			);
			runOnlyForDeploymentPostprocessing = 0;
			shellPath = /bin/sh;
			shellScript = "\"${PODS_ROOT}/Target Support Files/Pods-TheMoviesMVP/Pods-TheMoviesMVP-frameworks.sh\"\n";
			showEnvVarsInLog = 0;
		};
/* End PBXShellScriptBuildPhase section */

/* Begin PBXSourcesBuildPhase section */
		994EE6302513C9EB00AA456F /* Sources */ = {
			isa = PBXSourcesBuildPhase;
			buildActionMask = 2147483647;
			files = (
				9954CFD12515237400AE8DE1 /* MoviesListView.swift in Sources */,
				9954CFD02515237400AE8DE1 /* MoviesListNavController.swift in Sources */,
				9954CFED251528CB00AE8DE1 /* MovieDescriptionPresenter.swift in Sources */,
				9954CFD22515237400AE8DE1 /* MoviesListView+CollectionView.swift in Sources */,
				9954CFCC2515237400AE8DE1 /* MovieDescriptionView+TableView.swift in Sources */,
				9954CFF125152DF500AE8DE1 /* MoviesAPI.swift in Sources */,
				9954CFCF2515237400AE8DE1 /* MoviesListCell.swift in Sources */,
				9954CFCE2515237400AE8DE1 /* MovieDescriptionView.swift in Sources */,
				994EE6382513C9EB00AA456F /* AppDelegate.swift in Sources */,
				9954CFE9251528B600AE8DE1 /* MovieListPresenter.swift in Sources */,
				9954CFCD2515237400AE8DE1 /* MovieDescCell.swift in Sources */,
				9954CFDE2515255900AE8DE1 /* CustomAlertController.swift in Sources */,
				994EE63A2513C9EB00AA456F /* SceneDelegate.swift in Sources */,
			);
			runOnlyForDeploymentPostprocessing = 0;
		};
/* End PBXSourcesBuildPhase section */

/* Begin PBXVariantGroup section */
		994EE6422513C9EC00AA456F /* LaunchScreen.storyboard */ = {
			isa = PBXVariantGroup;
			children = (
				994EE6432513C9EC00AA456F /* Base */,
			);
			name = LaunchScreen.storyboard;
			sourceTree = "<group>";
		};
/* End PBXVariantGroup section */

/* Begin XCBuildConfiguration section */
		994EE6462513C9EC00AA456F /* Debug */ = {
			isa = XCBuildConfiguration;
			buildSettings = {
				ALWAYS_SEARCH_USER_PATHS = NO;
				CLANG_ANALYZER_NONNULL = YES;
				CLANG_ANALYZER_NUMBER_OBJECT_CONVERSION = YES_AGGRESSIVE;
				CLANG_CXX_LANGUAGE_STANDARD = "gnu++14";
				CLANG_CXX_LIBRARY = "libc++";
				CLANG_ENABLE_MODULES = YES;
				CLANG_ENABLE_OBJC_ARC = YES;
				CLANG_ENABLE_OBJC_WEAK = YES;
				CLANG_WARN_BLOCK_CAPTURE_AUTORELEASING = YES;
				CLANG_WARN_BOOL_CONVERSION = YES;
				CLANG_WARN_COMMA = YES;
				CLANG_WARN_CONSTANT_CONVERSION = YES;
				CLANG_WARN_DEPRECATED_OBJC_IMPLEMENTATIONS = YES;
				CLANG_WARN_DIRECT_OBJC_ISA_USAGE = YES_ERROR;
				CLANG_WARN_DOCUMENTATION_COMMENTS = YES;
				CLANG_WARN_EMPTY_BODY = YES;
				CLANG_WARN_ENUM_CONVERSION = YES;
				CLANG_WARN_INFINITE_RECURSION = YES;
				CLANG_WARN_INT_CONVERSION = YES;
				CLANG_WARN_NON_LITERAL_NULL_CONVERSION = YES;
				CLANG_WARN_OBJC_IMPLICIT_RETAIN_SELF = YES;
				CLANG_WARN_OBJC_LITERAL_CONVERSION = YES;
				CLANG_WARN_OBJC_ROOT_CLASS = YES_ERROR;
				CLANG_WARN_QUOTED_INCLUDE_IN_FRAMEWORK_HEADER = YES;
				CLANG_WARN_RANGE_LOOP_ANALYSIS = YES;
				CLANG_WARN_STRICT_PROTOTYPES = YES;
				CLANG_WARN_SUSPICIOUS_MOVE = YES;
				CLANG_WARN_UNGUARDED_AVAILABILITY = YES_AGGRESSIVE;
				CLANG_WARN_UNREACHABLE_CODE = YES;
				CLANG_WARN__DUPLICATE_METHOD_MATCH = YES;
				COPY_PHASE_STRIP = NO;
				DEBUG_INFORMATION_FORMAT = dwarf;
				ENABLE_STRICT_OBJC_MSGSEND = YES;
				ENABLE_TESTABILITY = YES;
				GCC_C_LANGUAGE_STANDARD = gnu11;
				GCC_DYNAMIC_NO_PIC = NO;
				GCC_NO_COMMON_BLOCKS = YES;
				GCC_OPTIMIZATION_LEVEL = 0;
				GCC_PREPROCESSOR_DEFINITIONS = (
					"DEBUG=1",
					"$(inherited)",
				);
				GCC_WARN_64_TO_32_BIT_CONVERSION = YES;
				GCC_WARN_ABOUT_RETURN_TYPE = YES_ERROR;
				GCC_WARN_UNDECLARED_SELECTOR = YES;
				GCC_WARN_UNINITIALIZED_AUTOS = YES_AGGRESSIVE;
				GCC_WARN_UNUSED_FUNCTION = YES;
				GCC_WARN_UNUSED_VARIABLE = YES;
				IPHONEOS_DEPLOYMENT_TARGET = 13.7;
				MTL_ENABLE_DEBUG_INFO = INCLUDE_SOURCE;
				MTL_FAST_MATH = YES;
				ONLY_ACTIVE_ARCH = YES;
				SDKROOT = iphoneos;
				SWIFT_ACTIVE_COMPILATION_CONDITIONS = DEBUG;
				SWIFT_OPTIMIZATION_LEVEL = "-Onone";
			};
			name = Debug;
		};
		994EE6472513C9EC00AA456F /* Release */ = {
			isa = XCBuildConfiguration;
			buildSettings = {
				ALWAYS_SEARCH_USER_PATHS = NO;
				CLANG_ANALYZER_NONNULL = YES;
				CLANG_ANALYZER_NUMBER_OBJECT_CONVERSION = YES_AGGRESSIVE;
				CLANG_CXX_LANGUAGE_STANDARD = "gnu++14";
				CLANG_CXX_LIBRARY = "libc++";
				CLANG_ENABLE_MODULES = YES;
				CLANG_ENABLE_OBJC_ARC = YES;
				CLANG_ENABLE_OBJC_WEAK = YES;
				CLANG_WARN_BLOCK_CAPTURE_AUTORELEASING = YES;
				CLANG_WARN_BOOL_CONVERSION = YES;
				CLANG_WARN_COMMA = YES;
				CLANG_WARN_CONSTANT_CONVERSION = YES;
				CLANG_WARN_DEPRECATED_OBJC_IMPLEMENTATIONS = YES;
				CLANG_WARN_DIRECT_OBJC_ISA_USAGE = YES_ERROR;
				CLANG_WARN_DOCUMENTATION_COMMENTS = YES;
				CLANG_WARN_EMPTY_BODY = YES;
				CLANG_WARN_ENUM_CONVERSION = YES;
				CLANG_WARN_INFINITE_RECURSION = YES;
				CLANG_WARN_INT_CONVERSION = YES;
				CLANG_WARN_NON_LITERAL_NULL_CONVERSION = YES;
				CLANG_WARN_OBJC_IMPLICIT_RETAIN_SELF = YES;
				CLANG_WARN_OBJC_LITERAL_CONVERSION = YES;
				CLANG_WARN_OBJC_ROOT_CLASS = YES_ERROR;
				CLANG_WARN_QUOTED_INCLUDE_IN_FRAMEWORK_HEADER = YES;
				CLANG_WARN_RANGE_LOOP_ANALYSIS = YES;
				CLANG_WARN_STRICT_PROTOTYPES = YES;
				CLANG_WARN_SUSPICIOUS_MOVE = YES;
				CLANG_WARN_UNGUARDED_AVAILABILITY = YES_AGGRESSIVE;
				CLANG_WARN_UNREACHABLE_CODE = YES;
				CLANG_WARN__DUPLICATE_METHOD_MATCH = YES;
				COPY_PHASE_STRIP = NO;
				DEBUG_INFORMATION_FORMAT = "dwarf-with-dsym";
				ENABLE_NS_ASSERTIONS = NO;
				ENABLE_STRICT_OBJC_MSGSEND = YES;
				GCC_C_LANGUAGE_STANDARD = gnu11;
				GCC_NO_COMMON_BLOCKS = YES;
				GCC_WARN_64_TO_32_BIT_CONVERSION = YES;
				GCC_WARN_ABOUT_RETURN_TYPE = YES_ERROR;
				GCC_WARN_UNDECLARED_SELECTOR = YES;
				GCC_WARN_UNINITIALIZED_AUTOS = YES_AGGRESSIVE;
				GCC_WARN_UNUSED_FUNCTION = YES;
				GCC_WARN_UNUSED_VARIABLE = YES;
				IPHONEOS_DEPLOYMENT_TARGET = 13.7;
				MTL_ENABLE_DEBUG_INFO = NO;
				MTL_FAST_MATH = YES;
				SDKROOT = iphoneos;
				SWIFT_COMPILATION_MODE = wholemodule;
				SWIFT_OPTIMIZATION_LEVEL = "-O";
				VALIDATE_PRODUCT = YES;
			};
			name = Release;
		};
		994EE6492513C9EC00AA456F /* Debug */ = {
			isa = XCBuildConfiguration;
			baseConfigurationReference = CE1588477FEA30393E2677FA /* Pods-TheMoviesMVP.debug.xcconfig */;
			buildSettings = {
				ASSETCATALOG_COMPILER_APPICON_NAME = AppIcon;
				CODE_SIGN_STYLE = Automatic;
				DEVELOPMENT_TEAM = 2AUX7ZMLGM;
				INFOPLIST_FILE = TheMoviesMVP/Info.plist;
				IPHONEOS_DEPLOYMENT_TARGET = 13.0;
				LD_RUNPATH_SEARCH_PATHS = (
					"$(inherited)",
					"@executable_path/Frameworks",
				);
				PRODUCT_BUNDLE_IDENTIFIER = Emeya.TheMoviesMVP;
				PRODUCT_NAME = "$(TARGET_NAME)";
				SWIFT_VERSION = 5.0;
				TARGETED_DEVICE_FAMILY = "1,2";
			};
			name = Debug;
		};
		994EE64A2513C9EC00AA456F /* Release */ = {
			isa = XCBuildConfiguration;
			baseConfigurationReference = 9B895DA7CA7789CF2046D50E /* Pods-TheMoviesMVP.release.xcconfig */;
			buildSettings = {
				ASSETCATALOG_COMPILER_APPICON_NAME = AppIcon;
				CODE_SIGN_STYLE = Automatic;
				DEVELOPMENT_TEAM = 2AUX7ZMLGM;
				INFOPLIST_FILE = TheMoviesMVP/Info.plist;
				IPHONEOS_DEPLOYMENT_TARGET = 13.0;
				LD_RUNPATH_SEARCH_PATHS = (
					"$(inherited)",
					"@executable_path/Frameworks",
				);
				PRODUCT_BUNDLE_IDENTIFIER = Emeya.TheMoviesMVP;
				PRODUCT_NAME = "$(TARGET_NAME)";
				SWIFT_VERSION = 5.0;
				TARGETED_DEVICE_FAMILY = "1,2";
			};
			name = Release;
		};
/* End XCBuildConfiguration section */

/* Begin XCConfigurationList section */
		994EE62F2513C9EB00AA456F /* Build configuration list for PBXProject "TheMoviesMVP" */ = {
			isa = XCConfigurationList;
			buildConfigurations = (
				994EE6462513C9EC00AA456F /* Debug */,
				994EE6472513C9EC00AA456F /* Release */,
			);
			defaultConfigurationIsVisible = 0;
			defaultConfigurationName = Release;
		};
		994EE6482513C9EC00AA456F /* Build configuration list for PBXNativeTarget "TheMoviesMVP" */ = {
			isa = XCConfigurationList;
			buildConfigurations = (
				994EE6492513C9EC00AA456F /* Debug */,
				994EE64A2513C9EC00AA456F /* Release */,
			);
			defaultConfigurationIsVisible = 0;
			defaultConfigurationName = Release;
		};
/* End XCConfigurationList section */
	};
	rootObject = 994EE62C2513C9EB00AA456F /* Project object */;
}
