// !$*UTF8*$!
{
	archiveVersion = 1;
	classes = {
	};
	objectVersion = 50;
	objects = {

/* Begin PBXBuildFile section */
		994EE6382513C9EB00AA456F /* AppDelegate.swift in Sources */ = {isa = PBXBuildFile; fileRef = 994EE6372513C9EB00AA456F /* AppDelegate.swift */; };
		994EE63A2513C9EB00AA456F /* SceneDelegate.swift in Sources */ = {isa = PBXBuildFile; fileRef = 994EE6392513C9EB00AA456F /* SceneDelegate.swift */; };
		994EE63C2513C9EB00AA456F /* ViewController.swift in Sources */ = {isa = PBXBuildFile; fileRef = 994EE63B2513C9EB00AA456F /* ViewController.swift */; };
		994EE63F2513C9EB00AA456F /* Main.storyboard in Resources */ = {isa = PBXBuildFile; fileRef = 994EE63D2513C9EB00AA456F /* Main.storyboard */; };
		994EE6412513C9EC00AA456F /* Assets.xcassets in Resources */ = {isa = PBXBuildFile; fileRef = 994EE6402513C9EC00AA456F /* Assets.xcassets */; };
		994EE6442513C9EC00AA456F /* LaunchScreen.storyboard in Resources */ = {isa = PBXBuildFile; fileRef = 994EE6422513C9EC00AA456F /* LaunchScreen.storyboard */; };
/* End PBXBuildFile section */

/* Begin PBXFileReference section */
		994EE6342513C9EB00AA456F /* TheMoviesMVP.app */ = {isa = PBXFileReference; explicitFileType = wrapper.application; includeInIndex = 0; path = TheMoviesMVP.app; sourceTree = BUILT_PRODUCTS_DIR; };
		994EE6372513C9EB00AA456F /* AppDelegate.swift */ = {isa = PBXFileReference; lastKnownFileType = sourcecode.swift; path = AppDelegate.swift; sourceTree = "<group>"; };
		994EE6392513C9EB00AA456F /* SceneDelegate.swift */ = {isa = PBXFileReference; lastKnownFileType = sourcecode.swift; path = SceneDelegate.swift; sourceTree = "<group>"; };
		994EE63B2513C9EB00AA456F /* ViewController.swift */ = {isa = PBXFileReference; lastKnownFileType = sourcecode.swift; path = ViewController.swift; sourceTree = "<group>"; };
		994EE63E2513C9EB00AA456F /* Base */ = {isa = PBXFileReference; lastKnownFileType = file.storyboard; name = Base; path = Base.lproj/Main.storyboard; sourceTree = "<group>"; };
		994EE6402513C9EC00AA456F /* Assets.xcassets */ = {isa = PBXFileReference; lastKnownFileType = folder.assetcatalog; path = Assets.xcassets; sourceTree = "<group>"; };
		994EE6432513C9EC00AA456F /* Base */ = {isa = PBXFileReference; lastKnownFileType = file.storyboard; name = Base; path = Base.lproj/LaunchScreen.storyboard; sourceTree = "<group>"; };
		994EE6452513C9EC00AA456F /* Info.plist */ = {isa = PBXFileReference; lastKnownFileType = text.plist.xml; path = Info.plist; sourceTree = "<group>"; };
/* End PBXFileReference section */

/* Begin PBXFrameworksBuildPhase section */
		994EE6312513C9EB00AA456F /* Frameworks */ = {
			isa = PBXFrameworksBuildPhase;
			buildActionMask = 2147483647;
			files = (
			);
			runOnlyForDeploymentPostprocessing = 0;
		};
/* End PBXFrameworksBuildPhase section */

/* Begin PBXGroup section */
		994EE62B2513C9EB00AA456F = {
			isa = PBXGroup;
			children = (
				994EE6362513C9EB00AA456F /* TheMoviesMVP */,
				994EE6352513C9EB00AA456F /* Products */,
			);
			sourceTree = "<group>";
		};
		994EE6352513C9EB00AA456F /* Products */ = {
			isa = PBXGroup;
			children = (
				994EE6342513C9EB00AA456F /* TheMoviesMVP.app */,
			);
			name = Products;
			sourceTree = "<group>";
		};
		994EE6362513C9EB00AA456F /* TheMoviesMVP */ = {
			isa = PBXGroup;
			children = (
				994EE6372513C9EB00AA456F /* AppDelegate.swift */,
				994EE6392513C9EB00AA456F /* SceneDelegate.swift */,
				994EE63B2513C9EB00AA456F /* ViewController.swift */,
				994EE63D2513C9EB00AA456F /* Main.storyboard */,
				994EE6402513C9EC00AA456F /* Assets.xcassets */,
				994EE6422513C9EC00AA456F /* LaunchScreen.storyboard */,
				994EE6452513C9EC00AA456F /* Info.plist */,
			);
			path = TheMoviesMVP;
			sourceTree = "<group>";
		};
/* End PBXGroup section */

/* Begin PBXNativeTarget section */
		994EE6332513C9EB00AA456F /* TheMoviesMVP */ = {
			isa = PBXNativeTarget;
			buildConfigurationList = 994EE6482513C9EC00AA456F /* Build configuration list for PBXNativeTarget "TheMoviesMVP" */;
			buildPhases = (
				994EE6302513C9EB00AA456F /* Sources */,
				994EE6312513C9EB00AA456F /* Frameworks */,
				994EE6322513C9EB00AA456F /* Resources */,
			);
			buildRules = (
			);
			dependencies = (
			);
			name = TheMoviesMVP;
			productName = TheMoviesMVP;
			productReference = 994EE6342513C9EB00AA456F /* TheMoviesMVP.app */;
			productType = "com.apple.product-type.application";
		};
/* End PBXNativeTarget section */

/* Begin PBXProject section */
		994EE62C2513C9EB00AA456F /* Project object */ = {
			isa = PBXProject;
			attributes = {
				LastSwiftUpdateCheck = 1170;
				LastUpgradeCheck = 1170;
				ORGANIZATIONNAME = "Manuel Soberanis";
				TargetAttributes = {
					994EE6332513C9EB00AA456F = {
						CreatedOnToolsVersion = 11.7;
					};
				};
			};
			buildConfigurationList = 994EE62F2513C9EB00AA456F /* Build configuration list for PBXProject "TheMoviesMVP" */;
			compatibilityVersion = "Xcode 9.3";
			developmentRegion = en;
			hasScannedForEncodings = 0;
			knownRegions = (
				en,
				Base,
			);
			mainGroup = 994EE62B2513C9EB00AA456F;
			productRefGroup = 994EE6352513C9EB00AA456F /* Products */;
			projectDirPath = "";
			projectRoot = "";
			targets = (
				994EE6332513C9EB00AA456F /* TheMoviesMVP */,
			);
		};
/* End PBXProject section */

/* Begin PBXResourcesBuildPhase section */
		994EE6322513C9EB00AA456F /* Resources */ = {
			isa = PBXResourcesBuildPhase;
			buildActionMask = 2147483647;
			files = (
				994EE6442513C9EC00AA456F /* LaunchScreen.storyboard in Resources */,
				994EE6412513C9EC00AA456F /* Assets.xcassets in Resources */,
				994EE63F2513C9EB00AA456F /* Main.storyboard in Resources */,
			);
			runOnlyForDeploymentPostprocessing = 0;
		};
/* End PBXResourcesBuildPhase section */

/* Begin PBXSourcesBuildPhase section */
		994EE6302513C9EB00AA456F /* Sources */ = {
			isa = PBXSourcesBuildPhase;
			buildActionMask = 2147483647;
			files = (
				994EE63C2513C9EB00AA456F /* ViewController.swift in Sources */,
				994EE6382513C9EB00AA456F /* AppDelegate.swift in Sources */,
				994EE63A2513C9EB00AA456F /* SceneDelegate.swift in Sources */,
			);
			runOnlyForDeploymentPostprocessing = 0;
		};
/* End PBXSourcesBuildPhase section */

/* Begin PBXVariantGroup section */
		994EE63D2513C9EB00AA456F /* Main.storyboard */ = {
			isa = PBXVariantGroup;
			children = (
				994EE63E2513C9EB00AA456F /* Base */,
			);
			name = Main.storyboard;
			sourceTree = "<group>";
		};
		994EE6422513C9EC00AA456F /* LaunchScreen.storyboard */ = {
			isa = PBXVariantGroup;
			children = (
				994EE6432513C9EC00AA456F /* Base */,
			);
			name = LaunchScreen.storyboard;
			sourceTree = "<group>";
		};
/* End PBXVariantGroup section */

/* Begin XCBuildConfiguration section */
		994EE6462513C9EC00AA456F /* Debug */ = {
			isa = XCBuildConfiguration;
			buildSettings = {
				ALWAYS_SEARCH_USER_PATHS = NO;
				CLANG_ANALYZER_NONNULL = YES;
				CLANG_ANALYZER_NUMBER_OBJECT_CONVERSION = YES_AGGRESSIVE;
				CLANG_CXX_LANGUAGE_STANDARD = "gnu++14";
				CLANG_CXX_LIBRARY = "libc++";
				CLANG_ENABLE_MODULES = YES;
				CLANG_ENABLE_OBJC_ARC = YES;
				CLANG_ENABLE_OBJC_WEAK = YES;
				CLANG_WARN_BLOCK_CAPTURE_AUTORELEASING = YES;
				CLANG_WARN_BOOL_CONVERSION = YES;
				CLANG_WARN_COMMA = YES;
				CLANG_WARN_CONSTANT_CONVERSION = YES;
				CLANG_WARN_DEPRECATED_OBJC_IMPLEMENTATIONS = YES;
				CLANG_WARN_DIRECT_OBJC_ISA_USAGE = YES_ERROR;
				CLANG_WARN_DOCUMENTATION_COMMENTS = YES;
				CLANG_WARN_EMPTY_BODY = YES;
				CLANG_WARN_ENUM_CONVERSION = YES;
				CLANG_WARN_INFINITE_RECURSION = YES;
				CLANG_WARN_INT_CONVERSION = YES;
				CLANG_WARN_NON_LITERAL_NULL_CONVERSION = YES;
				CLANG_WARN_OBJC_IMPLICIT_RETAIN_SELF = YES;
				CLANG_WARN_OBJC_LITERAL_CONVERSION = YES;
				CLANG_WARN_OBJC_ROOT_CLASS = YES_ERROR;
				CLANG_WARN_RANGE_LOOP_ANALYSIS = YES;
				CLANG_WARN_STRICT_PROTOTYPES = YES;
				CLANG_WARN_SUSPICIOUS_MOVE = YES;
				CLANG_WARN_UNGUARDED_AVAILABILITY = YES_AGGRESSIVE;
				CLANG_WARN_UNREACHABLE_CODE = YES;
				CLANG_WARN__DUPLICATE_METHOD_MATCH = YES;
				COPY_PHASE_STRIP = NO;
				DEBUG_INFORMATION_FORMAT = dwarf;
				ENABLE_STRICT_OBJC_MSGSEND = YES;
				ENABLE_TESTABILITY = YES;
				GCC_C_LANGUAGE_STANDARD = gnu11;
				GCC_DYNAMIC_NO_PIC = NO;
				GCC_NO_COMMON_BLOCKS = YES;
				GCC_OPTIMIZATION_LEVEL = 0;
				GCC_PREPROCESSOR_DEFINITIONS = (
					"DEBUG=1",
					"$(inherited)",
				);
				GCC_WARN_64_TO_32_BIT_CONVERSION = YES;
				GCC_WARN_ABOUT_RETURN_TYPE = YES_ERROR;
				GCC_WARN_UNDECLARED_SELECTOR = YES;
				GCC_WARN_UNINITIALIZED_AUTOS = YES_AGGRESSIVE;
				GCC_WARN_UNUSED_FUNCTION = YES;
				GCC_WARN_UNUSED_VARIABLE = YES;
				IPHONEOS_DEPLOYMENT_TARGET = 13.7;
				MTL_ENABLE_DEBUG_INFO = INCLUDE_SOURCE;
				MTL_FAST_MATH = YES;
				ONLY_ACTIVE_ARCH = YES;
				SDKROOT = iphoneos;
				SWIFT_ACTIVE_COMPILATION_CONDITIONS = DEBUG;
				SWIFT_OPTIMIZATION_LEVEL = "-Onone";
			};
			name = Debug;
		};
		994EE6472513C9EC00AA456F /* Release */ = {
			isa = XCBuildConfiguration;
			buildSettings = {
				ALWAYS_SEARCH_USER_PATHS = NO;
				CLANG_ANALYZER_NONNULL = YES;
				CLANG_ANALYZER_NUMBER_OBJECT_CONVERSION = YES_AGGRESSIVE;
				CLANG_CXX_LANGUAGE_STANDARD = "gnu++14";
				CLANG_CXX_LIBRARY = "libc++";
				CLANG_ENABLE_MODULES = YES;
				CLANG_ENABLE_OBJC_ARC = YES;
				CLANG_ENABLE_OBJC_WEAK = YES;
				CLANG_WARN_BLOCK_CAPTURE_AUTORELEASING = YES;
				CLANG_WARN_BOOL_CONVERSION = YES;
				CLANG_WARN_COMMA = YES;
				CLANG_WARN_CONSTANT_CONVERSION = YES;
				CLANG_WARN_DEPRECATED_OBJC_IMPLEMENTATIONS = YES;
				CLANG_WARN_DIRECT_OBJC_ISA_USAGE = YES_ERROR;
				CLANG_WARN_DOCUMENTATION_COMMENTS = YES;
				CLANG_WARN_EMPTY_BODY = YES;
				CLANG_WARN_ENUM_CONVERSION = YES;
				CLANG_WARN_INFINITE_RECURSION = YES;
				CLANG_WARN_INT_CONVERSION = YES;
				CLANG_WARN_NON_LITERAL_NULL_CONVERSION = YES;
				CLANG_WARN_OBJC_IMPLICIT_RETAIN_SELF = YES;
				CLANG_WARN_OBJC_LITERAL_CONVERSION = YES;
				CLANG_WARN_OBJC_ROOT_CLASS = YES_ERROR;
				CLANG_WARN_RANGE_LOOP_ANALYSIS = YES;
				CLANG_WARN_STRICT_PROTOTYPES = YES;
				CLANG_WARN_SUSPICIOUS_MOVE = YES;
				CLANG_WARN_UNGUARDED_AVAILABILITY = YES_AGGRESSIVE;
				CLANG_WARN_UNREACHABLE_CODE = YES;
				CLANG_WARN__DUPLICATE_METHOD_MATCH = YES;
				COPY_PHASE_STRIP = NO;
				DEBUG_INFORMATION_FORMAT = "dwarf-with-dsym";
				ENABLE_NS_ASSERTIONS = NO;
				ENABLE_STRICT_OBJC_MSGSEND = YES;
				GCC_C_LANGUAGE_STANDARD = gnu11;
				GCC_NO_COMMON_BLOCKS = YES;
				GCC_WARN_64_TO_32_BIT_CONVERSION = YES;
				GCC_WARN_ABOUT_RETURN_TYPE = YES_ERROR;
				GCC_WARN_UNDECLARED_SELECTOR = YES;
				GCC_WARN_UNINITIALIZED_AUTOS = YES_AGGRESSIVE;
				GCC_WARN_UNUSED_FUNCTION = YES;
				GCC_WARN_UNUSED_VARIABLE = YES;
				IPHONEOS_DEPLOYMENT_TARGET = 13.7;
				MTL_ENABLE_DEBUG_INFO = NO;
				MTL_FAST_MATH = YES;
				SDKROOT = iphoneos;
				SWIFT_COMPILATION_MODE = wholemodule;
				SWIFT_OPTIMIZATION_LEVEL = "-O";
				VALIDATE_PRODUCT = YES;
			};
			name = Release;
		};
		994EE6492513C9EC00AA456F /* Debug */ = {
			isa = XCBuildConfiguration;
			buildSettings = {
				ASSETCATALOG_COMPILER_APPICON_NAME = AppIcon;
				CODE_SIGN_STYLE = Automatic;
				DEVELOPMENT_TEAM = 2AUX7ZMLGM;
				INFOPLIST_FILE = TheMoviesMVP/Info.plist;
				LD_RUNPATH_SEARCH_PATHS = (
					"$(inherited)",
					"@executable_path/Frameworks",
				);
				PRODUCT_BUNDLE_IDENTIFIER = Emeya.TheMoviesMVP;
				PRODUCT_NAME = "$(TARGET_NAME)";
				SWIFT_VERSION = 5.0;
				TARGETED_DEVICE_FAMILY = "1,2";
			};
			name = Debug;
		};
		994EE64A2513C9EC00AA456F /* Release */ = {
			isa = XCBuildConfiguration;
			buildSettings = {
				ASSETCATALOG_COMPILER_APPICON_NAME = AppIcon;
				CODE_SIGN_STYLE = Automatic;
				DEVELOPMENT_TEAM = 2AUX7ZMLGM;
				INFOPLIST_FILE = TheMoviesMVP/Info.plist;
				LD_RUNPATH_SEARCH_PATHS = (
					"$(inherited)",
					"@executable_path/Frameworks",
				);
				PRODUCT_BUNDLE_IDENTIFIER = Emeya.TheMoviesMVP;
				PRODUCT_NAME = "$(TARGET_NAME)";
				SWIFT_VERSION = 5.0;
				TARGETED_DEVICE_FAMILY = "1,2";
			};
			name = Release;
		};
/* End XCBuildConfiguration section */

/* Begin XCConfigurationList section */
		994EE62F2513C9EB00AA456F /* Build configuration list for PBXProject "TheMoviesMVP" */ = {
			isa = XCConfigurationList;
			buildConfigurations = (
				994EE6462513C9EC00AA456F /* Debug */,
				994EE6472513C9EC00AA456F /* Release */,
			);
			defaultConfigurationIsVisible = 0;
			defaultConfigurationName = Release;
		};
		994EE6482513C9EC00AA456F /* Build configuration list for PBXNativeTarget "TheMoviesMVP" */ = {
			isa = XCConfigurationList;
			buildConfigurations = (
				994EE6492513C9EC00AA456F /* Debug */,
				994EE64A2513C9EC00AA456F /* Release */,
			);
			defaultConfigurationIsVisible = 0;
			defaultConfigurationName = Release;
		};
/* End XCConfigurationList section */
	};
	rootObject = 994EE62C2513C9EB00AA456F /* Project object */;
}
